// !$*UTF8*$!
{
	archiveVersion = 1;
	classes = {
	};
	objectVersion = 50;
	objects = {

/* Begin PBXBuildFile section */
		11164B132134C09600E60790 /* AppDelegate.swift in Sources */ = {isa = PBXBuildFile; fileRef = 11164B122134C09600E60790 /* AppDelegate.swift */; };
		11164B152134C09600E60790 /* ViewController.swift in Sources */ = {isa = PBXBuildFile; fileRef = 11164B142134C09600E60790 /* ViewController.swift */; };
		11164B182134C09600E60790 /* Main.storyboard in Resources */ = {isa = PBXBuildFile; fileRef = 11164B162134C09600E60790 /* Main.storyboard */; };
		11164B1B2134C09600E60790 /* AnaCarolinaWagner.xcdatamodeld in Sources */ = {isa = PBXBuildFile; fileRef = 11164B192134C09600E60790 /* AnaCarolinaWagner.xcdatamodeld */; };
		11164B1D2134C09700E60790 /* Assets.xcassets in Resources */ = {isa = PBXBuildFile; fileRef = 11164B1C2134C09700E60790 /* Assets.xcassets */; };
		11164B202134C09700E60790 /* LaunchScreen.storyboard in Resources */ = {isa = PBXBuildFile; fileRef = 11164B1E2134C09700E60790 /* LaunchScreen.storyboard */; };
		11164B2A213C188C00E60790 /* AddProductViewController.swift in Sources */ = {isa = PBXBuildFile; fileRef = 11164B29213C188C00E60790 /* AddProductViewController.swift */; };
		11164B2C213C241F00E60790 /* ViewController+CoreDate.swift in Sources */ = {isa = PBXBuildFile; fileRef = 11164B2B213C241F00E60790 /* ViewController+CoreDate.swift */; };
		11164B2E213C27AC00E60790 /* ListProductTableViewController.swift in Sources */ = {isa = PBXBuildFile; fileRef = 11164B2D213C27AC00E60790 /* ListProductTableViewController.swift */; };
		11164B30213C2FCF00E60790 /* CellProductTableViewCell.swift in Sources */ = {isa = PBXBuildFile; fileRef = 11164B2F213C2FCF00E60790 /* CellProductTableViewCell.swift */; };
		116096DC213E1379005F03ED /* AddTaxedStateViewController.swift in Sources */ = {isa = PBXBuildFile; fileRef = 116096DB213E1379005F03ED /* AddTaxedStateViewController.swift */; };
		116096DE213E166E005F03ED /* StateManager.swift in Sources */ = {isa = PBXBuildFile; fileRef = 116096DD213E166E005F03ED /* StateManager.swift */; };
		11ADCF9E21433351000E48BE /* Settings.bundle in Resources */ = {isa = PBXBuildFile; fileRef = 11ADCF9D21433351000E48BE /* Settings.bundle */; };
		11ADCFA021569132000E48BE /* TotalViewController.swift in Sources */ = {isa = PBXBuildFile; fileRef = 11ADCF9F21569132000E48BE /* TotalViewController.swift */; };
/* End PBXBuildFile section */

/* Begin PBXFileReference section */
		11164B0F2134C09600E60790 /* AnaCarolinaWagner.app */ = {isa = PBXFileReference; explicitFileType = wrapper.application; includeInIndex = 0; path = AnaCarolinaWagner.app; sourceTree = BUILT_PRODUCTS_DIR; };
		11164B122134C09600E60790 /* AppDelegate.swift */ = {isa = PBXFileReference; lastKnownFileType = sourcecode.swift; path = AppDelegate.swift; sourceTree = "<group>"; };
		11164B142134C09600E60790 /* ViewController.swift */ = {isa = PBXFileReference; lastKnownFileType = sourcecode.swift; path = ViewController.swift; sourceTree = "<group>"; };
		11164B172134C09600E60790 /* Base */ = {isa = PBXFileReference; lastKnownFileType = file.storyboard; name = Base; path = Base.lproj/Main.storyboard; sourceTree = "<group>"; };
		11164B1A2134C09600E60790 /* AnaCarolinaWagner.xcdatamodel */ = {isa = PBXFileReference; lastKnownFileType = wrapper.xcdatamodel; path = AnaCarolinaWagner.xcdatamodel; sourceTree = "<group>"; };
		11164B1C2134C09700E60790 /* Assets.xcassets */ = {isa = PBXFileReference; lastKnownFileType = folder.assetcatalog; path = Assets.xcassets; sourceTree = "<group>"; };
		11164B1F2134C09700E60790 /* Base */ = {isa = PBXFileReference; lastKnownFileType = file.storyboard; name = Base; path = Base.lproj/LaunchScreen.storyboard; sourceTree = "<group>"; };
		11164B212134C09700E60790 /* Info.plist */ = {isa = PBXFileReference; lastKnownFileType = text.plist.xml; path = Info.plist; sourceTree = "<group>"; };
		11164B29213C188C00E60790 /* AddProductViewController.swift */ = {isa = PBXFileReference; lastKnownFileType = sourcecode.swift; path = AddProductViewController.swift; sourceTree = "<group>"; };
		11164B2B213C241F00E60790 /* ViewController+CoreDate.swift */ = {isa = PBXFileReference; lastKnownFileType = sourcecode.swift; path = "ViewController+CoreDate.swift"; sourceTree = "<group>"; };
		11164B2D213C27AC00E60790 /* ListProductTableViewController.swift */ = {isa = PBXFileReference; lastKnownFileType = sourcecode.swift; path = ListProductTableViewController.swift; sourceTree = "<group>"; };
		11164B2F213C2FCF00E60790 /* CellProductTableViewCell.swift */ = {isa = PBXFileReference; lastKnownFileType = sourcecode.swift; path = CellProductTableViewCell.swift; sourceTree = "<group>"; };
		116096DB213E1379005F03ED /* AddTaxedStateViewController.swift */ = {isa = PBXFileReference; lastKnownFileType = sourcecode.swift; path = AddTaxedStateViewController.swift; sourceTree = "<group>"; };
		116096DD213E166E005F03ED /* StateManager.swift */ = {isa = PBXFileReference; lastKnownFileType = sourcecode.swift; path = StateManager.swift; sourceTree = "<group>"; };
		11ADCF9D21433351000E48BE /* Settings.bundle */ = {isa = PBXFileReference; lastKnownFileType = "wrapper.plug-in"; path = Settings.bundle; sourceTree = "<group>"; };
		11ADCF9F21569132000E48BE /* TotalViewController.swift */ = {isa = PBXFileReference; lastKnownFileType = sourcecode.swift; path = TotalViewController.swift; sourceTree = "<group>"; };
/* End PBXFileReference section */

/* Begin PBXFrameworksBuildPhase section */
		11164B0C2134C09600E60790 /* Frameworks */ = {
			isa = PBXFrameworksBuildPhase;
			buildActionMask = 2147483647;
			files = (
			);
			runOnlyForDeploymentPostprocessing = 0;
		};
/* End PBXFrameworksBuildPhase section */

/* Begin PBXGroup section */
		11164B062134C09600E60790 = {
			isa = PBXGroup;
			children = (
				11164B112134C09600E60790 /* AnaCarolinaWagner */,
				11164B102134C09600E60790 /* Products */,
			);
			sourceTree = "<group>";
		};
		11164B102134C09600E60790 /* Products */ = {
			isa = PBXGroup;
			children = (
				11164B0F2134C09600E60790 /* AnaCarolinaWagner.app */,
			);
			name = Products;
			sourceTree = "<group>";
		};
		11164B112134C09600E60790 /* AnaCarolinaWagner */ = {
			isa = PBXGroup;
			children = (
				11164B122134C09600E60790 /* AppDelegate.swift */,
				11164B142134C09600E60790 /* ViewController.swift */,
				11164B29213C188C00E60790 /* AddProductViewController.swift */,
				11164B162134C09600E60790 /* Main.storyboard */,
				11164B1C2134C09700E60790 /* Assets.xcassets */,
				11164B1E2134C09700E60790 /* LaunchScreen.storyboard */,
				11164B212134C09700E60790 /* Info.plist */,
				11164B192134C09600E60790 /* AnaCarolinaWagner.xcdatamodeld */,
				11164B2B213C241F00E60790 /* ViewController+CoreDate.swift */,
				11164B2D213C27AC00E60790 /* ListProductTableViewController.swift */,
				11164B2F213C2FCF00E60790 /* CellProductTableViewCell.swift */,
				116096DB213E1379005F03ED /* AddTaxedStateViewController.swift */,
				116096DD213E166E005F03ED /* StateManager.swift */,
				11ADCF9F21569132000E48BE /* TotalViewController.swift */,
				11ADCF9D21433351000E48BE /* Settings.bundle */,
			);
			path = AnaCarolinaWagner;
			sourceTree = "<group>";
		};
/* End PBXGroup section */

/* Begin PBXNativeTarget section */
		11164B0E2134C09600E60790 /* AnaCarolinaWagner */ = {
			isa = PBXNativeTarget;
			buildConfigurationList = 11164B242134C09700E60790 /* Build configuration list for PBXNativeTarget "AnaCarolinaWagner" */;
			buildPhases = (
				11164B0B2134C09600E60790 /* Sources */,
				11164B0C2134C09600E60790 /* Frameworks */,
				11164B0D2134C09600E60790 /* Resources */,
			);
			buildRules = (
			);
			dependencies = (
			);
			name = AnaCarolinaWagner;
			productName = AnaCarolinaWagner;
			productReference = 11164B0F2134C09600E60790 /* AnaCarolinaWagner.app */;
			productType = "com.apple.product-type.application";
		};
/* End PBXNativeTarget section */

/* Begin PBXProject section */
		11164B072134C09600E60790 /* Project object */ = {
			isa = PBXProject;
			attributes = {
				LastSwiftUpdateCheck = 0930;
				LastUpgradeCheck = 0930;
				ORGANIZATIONNAME = ComprasUSA;
				TargetAttributes = {
					11164B0E2134C09600E60790 = {
						CreatedOnToolsVersion = 9.3.1;
					};
				};
			};
			buildConfigurationList = 11164B0A2134C09600E60790 /* Build configuration list for PBXProject "AnaCarolinaWagner" */;
			compatibilityVersion = "Xcode 9.3";
			developmentRegion = en;
			hasScannedForEncodings = 0;
			knownRegions = (
				en,
				Base,
			);
			mainGroup = 11164B062134C09600E60790;
			productRefGroup = 11164B102134C09600E60790 /* Products */;
			projectDirPath = "";
			projectRoot = "";
			targets = (
				11164B0E2134C09600E60790 /* AnaCarolinaWagner */,
			);
		};
/* End PBXProject section */

/* Begin PBXResourcesBuildPhase section */
		11164B0D2134C09600E60790 /* Resources */ = {
			isa = PBXResourcesBuildPhase;
			buildActionMask = 2147483647;
			files = (
				11ADCF9E21433351000E48BE /* Settings.bundle in Resources */,
				11164B202134C09700E60790 /* LaunchScreen.storyboard in Resources */,
				11164B1D2134C09700E60790 /* Assets.xcassets in Resources */,
				11164B182134C09600E60790 /* Main.storyboard in Resources */,
			);
			runOnlyForDeploymentPostprocessing = 0;
		};
/* End PBXResourcesBuildPhase section */

/* Begin PBXSourcesBuildPhase section */
		11164B0B2134C09600E60790 /* Sources */ = {
			isa = PBXSourcesBuildPhase;
			buildActionMask = 2147483647;
			files = (
				116096DE213E166E005F03ED /* StateManager.swift in Sources */,
				11164B2C213C241F00E60790 /* ViewController+CoreDate.swift in Sources */,
				116096DC213E1379005F03ED /* AddTaxedStateViewController.swift in Sources */,
				11ADCFA021569132000E48BE /* TotalViewController.swift in Sources */,
				11164B1B2134C09600E60790 /* AnaCarolinaWagner.xcdatamodeld in Sources */,
				11164B152134C09600E60790 /* ViewController.swift in Sources */,
				11164B2E213C27AC00E60790 /* ListProductTableViewController.swift in Sources */,
				11164B2A213C188C00E60790 /* AddProductViewController.swift in Sources */,
				11164B30213C2FCF00E60790 /* CellProductTableViewCell.swift in Sources */,
				11164B132134C09600E60790 /* AppDelegate.swift in Sources */,
			);
			runOnlyForDeploymentPostprocessing = 0;
		};
/* End PBXSourcesBuildPhase section */

/* Begin PBXVariantGroup section */
		11164B162134C09600E60790 /* Main.storyboard */ = {
			isa = PBXVariantGroup;
			children = (
				11164B172134C09600E60790 /* Base */,
			);
			name = Main.storyboard;
			sourceTree = "<group>";
		};
		11164B1E2134C09700E60790 /* LaunchScreen.storyboard */ = {
			isa = PBXVariantGroup;
			children = (
				11164B1F2134C09700E60790 /* Base */,
			);
			name = LaunchScreen.storyboard;
			sourceTree = "<group>";
		};
/* End PBXVariantGroup section */

/* Begin XCBuildConfiguration section */
		11164B222134C09700E60790 /* Debug */ = {
			isa = XCBuildConfiguration;
			buildSettings = {
				ALWAYS_SEARCH_USER_PATHS = NO;
				CLANG_ANALYZER_NONNULL = YES;
				CLANG_ANALYZER_NUMBER_OBJECT_CONVERSION = YES_AGGRESSIVE;
				CLANG_CXX_LANGUAGE_STANDARD = "gnu++14";
				CLANG_CXX_LIBRARY = "libc++";
				CLANG_ENABLE_MODULES = YES;
				CLANG_ENABLE_OBJC_ARC = YES;
				CLANG_ENABLE_OBJC_WEAK = YES;
				CLANG_WARN_BLOCK_CAPTURE_AUTORELEASING = YES;
				CLANG_WARN_BOOL_CONVERSION = YES;
				CLANG_WARN_COMMA = YES;
				CLANG_WARN_CONSTANT_CONVERSION = YES;
				CLANG_WARN_DEPRECATED_OBJC_IMPLEMENTATIONS = YES;
				CLANG_WARN_DIRECT_OBJC_ISA_USAGE = YES_ERROR;
				CLANG_WARN_DOCUMENTATION_COMMENTS = YES;
				CLANG_WARN_EMPTY_BODY = YES;
				CLANG_WARN_ENUM_CONVERSION = YES;
				CLANG_WARN_INFINITE_RECURSION = YES;
				CLANG_WARN_INT_CONVERSION = YES;
				CLANG_WARN_NON_LITERAL_NULL_CONVERSION = YES;
				CLANG_WARN_OBJC_IMPLICIT_RETAIN_SELF = YES;
				CLANG_WARN_OBJC_LITERAL_CONVERSION = YES;
				CLANG_WARN_OBJC_ROOT_CLASS = YES_ERROR;
				CLANG_WARN_RANGE_LOOP_ANALYSIS = YES;
				CLANG_WARN_STRICT_PROTOTYPES = YES;
				CLANG_WARN_SUSPICIOUS_MOVE = YES;
				CLANG_WARN_UNGUARDED_AVAILABILITY = YES_AGGRESSIVE;
				CLANG_WARN_UNREACHABLE_CODE = YES;
				CLANG_WARN__DUPLICATE_METHOD_MATCH = YES;
				CODE_SIGN_IDENTITY = "iPhone Developer";
				COPY_PHASE_STRIP = NO;
				DEBUG_INFORMATION_FORMAT = dwarf;
				ENABLE_STRICT_OBJC_MSGSEND = YES;
				ENABLE_TESTABILITY = YES;
				GCC_C_LANGUAGE_STANDARD = gnu11;
				GCC_DYNAMIC_NO_PIC = NO;
				GCC_NO_COMMON_BLOCKS = YES;
				GCC_OPTIMIZATION_LEVEL = 0;
				GCC_PREPROCESSOR_DEFINITIONS = (
					"DEBUG=1",
					"$(inherited)",
				);
				GCC_WARN_64_TO_32_BIT_CONVERSION = YES;
				GCC_WARN_ABOUT_RETURN_TYPE = YES_ERROR;
				GCC_WARN_UNDECLARED_SELECTOR = YES;
				GCC_WARN_UNINITIALIZED_AUTOS = YES_AGGRESSIVE;
				GCC_WARN_UNUSED_FUNCTION = YES;
				GCC_WARN_UNUSED_VARIABLE = YES;
				IPHONEOS_DEPLOYMENT_TARGET = 11.3;
				MTL_ENABLE_DEBUG_INFO = YES;
				ONLY_ACTIVE_ARCH = YES;
				SDKROOT = iphoneos;
				SWIFT_ACTIVE_COMPILATION_CONDITIONS = DEBUG;
				SWIFT_OPTIMIZATION_LEVEL = "-Onone";
			};
			name = Debug;
		};
		11164B232134C09700E60790 /* Release */ = {
			isa = XCBuildConfiguration;
			buildSettings = {
				ALWAYS_SEARCH_USER_PATHS = NO;
				CLANG_ANALYZER_NONNULL = YES;
				CLANG_ANALYZER_NUMBER_OBJECT_CONVERSION = YES_AGGRESSIVE;
				CLANG_CXX_LANGUAGE_STANDARD = "gnu++14";
				CLANG_CXX_LIBRARY = "libc++";
				CLANG_ENABLE_MODULES = YES;
				CLANG_ENABLE_OBJC_ARC = YES;
				CLANG_ENABLE_OBJC_WEAK = YES;
				CLANG_WARN_BLOCK_CAPTURE_AUTORELEASING = YES;
				CLANG_WARN_BOOL_CONVERSION = YES;
				CLANG_WARN_COMMA = YES;
				CLANG_WARN_CONSTANT_CONVERSION = YES;
				CLANG_WARN_DEPRECATED_OBJC_IMPLEMENTATIONS = YES;
				CLANG_WARN_DIRECT_OBJC_ISA_USAGE = YES_ERROR;
				CLANG_WARN_DOCUMENTATION_COMMENTS = YES;
				CLANG_WARN_EMPTY_BODY = YES;
				CLANG_WARN_ENUM_CONVERSION = YES;
				CLANG_WARN_INFINITE_RECURSION = YES;
				CLANG_WARN_INT_CONVERSION = YES;
				CLANG_WARN_NON_LITERAL_NULL_CONVERSION = YES;
				CLANG_WARN_OBJC_IMPLICIT_RETAIN_SELF = YES;
				CLANG_WARN_OBJC_LITERAL_CONVERSION = YES;
				CLANG_WARN_OBJC_ROOT_CLASS = YES_ERROR;
				CLANG_WARN_RANGE_LOOP_ANALYSIS = YES;
				CLANG_WARN_STRICT_PROTOTYPES = YES;
				CLANG_WARN_SUSPICIOUS_MOVE = YES;
				CLANG_WARN_UNGUARDED_AVAILABILITY = YES_AGGRESSIVE;
				CLANG_WARN_UNREACHABLE_CODE = YES;
				CLANG_WARN__DUPLICATE_METHOD_MATCH = YES;
				CODE_SIGN_IDENTITY = "iPhone Developer";
				COPY_PHASE_STRIP = NO;
				DEBUG_INFORMATION_FORMAT = "dwarf-with-dsym";
				ENABLE_NS_ASSERTIONS = NO;
				ENABLE_STRICT_OBJC_MSGSEND = YES;
				GCC_C_LANGUAGE_STANDARD = gnu11;
				GCC_NO_COMMON_BLOCKS = YES;
				GCC_WARN_64_TO_32_BIT_CONVERSION = YES;
				GCC_WARN_ABOUT_RETURN_TYPE = YES_ERROR;
				GCC_WARN_UNDECLARED_SELECTOR = YES;
				GCC_WARN_UNINITIALIZED_AUTOS = YES_AGGRESSIVE;
				GCC_WARN_UNUSED_FUNCTION = YES;
				GCC_WARN_UNUSED_VARIABLE = YES;
				IPHONEOS_DEPLOYMENT_TARGET = 11.3;
				MTL_ENABLE_DEBUG_INFO = NO;
				SDKROOT = iphoneos;
				SWIFT_COMPILATION_MODE = wholemodule;
				SWIFT_OPTIMIZATION_LEVEL = "-O";
				VALIDATE_PRODUCT = YES;
			};
			name = Release;
		};
		11164B252134C09700E60790 /* Debug */ = {
			isa = XCBuildConfiguration;
			buildSettings = {
				ASSETCATALOG_COMPILER_APPICON_NAME = AppIcon;
				CODE_SIGN_STYLE = Automatic;
				DEVELOPMENT_TEAM = CDQJNFLQYC;
				INFOPLIST_FILE = AnaCarolinaWagner/Info.plist;
				LD_RUNPATH_SEARCH_PATHS = (
					"$(inherited)",
					"@executable_path/Frameworks",
				);
				PRODUCT_BUNDLE_IDENTIFIER = ComprasUSA.AnaCarolinaWagner;
				PRODUCT_NAME = "$(TARGET_NAME)";
				SWIFT_VERSION = 4.0;
				TARGETED_DEVICE_FAMILY = "1,2";
			};
			name = Debug;
		};
		11164B262134C09700E60790 /* Release */ = {
			isa = XCBuildConfiguration;
			buildSettings = {
				ASSETCATALOG_COMPILER_APPICON_NAME = AppIcon;
				CODE_SIGN_STYLE = Automatic;
				DEVELOPMENT_TEAM = CDQJNFLQYC;
				INFOPLIST_FILE = AnaCarolinaWagner/Info.plist;
				LD_RUNPATH_SEARCH_PATHS = (
					"$(inherited)",
					"@executable_path/Frameworks",
				);
				PRODUCT_BUNDLE_IDENTIFIER = ComprasUSA.AnaCarolinaWagner;
				PRODUCT_NAME = "$(TARGET_NAME)";
				SWIFT_VERSION = 4.0;
				TARGETED_DEVICE_FAMILY = "1,2";
			};
			name = Release;
		};
/* End XCBuildConfiguration section */

/* Begin XCConfigurationList section */
		11164B0A2134C09600E60790 /* Build configuration list for PBXProject "AnaCarolinaWagner" */ = {
			isa = XCConfigurationList;
			buildConfigurations = (
				11164B222134C09700E60790 /* Debug */,
				11164B232134C09700E60790 /* Release */,
			);
			defaultConfigurationIsVisible = 0;
			defaultConfigurationName = Release;
		};
		11164B242134C09700E60790 /* Build configuration list for PBXNativeTarget "AnaCarolinaWagner" */ = {
			isa = XCConfigurationList;
			buildConfigurations = (
				11164B252134C09700E60790 /* Debug */,
				11164B262134C09700E60790 /* Release */,
			);
			defaultConfigurationIsVisible = 0;
			defaultConfigurationName = Release;
		};
/* End XCConfigurationList section */

/* Begin XCVersionGroup section */
		11164B192134C09600E60790 /* AnaCarolinaWagner.xcdatamodeld */ = {
			isa = XCVersionGroup;
			children = (
				11164B1A2134C09600E60790 /* AnaCarolinaWagner.xcdatamodel */,
			);
			currentVersion = 11164B1A2134C09600E60790 /* AnaCarolinaWagner.xcdatamodel */;
			path = AnaCarolinaWagner.xcdatamodeld;
			sourceTree = "<group>";
			versionGroupType = wrapper.xcdatamodel;
		};
/* End XCVersionGroup section */
	};
	rootObject = 11164B072134C09600E60790 /* Project object */;
}
